
Microsoft Visual Studio Solution File, Format Version 12.00
# Visual Studio Version 17
VisualStudioVersion = 17.7.34221.43
MinimumVisualStudioVersion = 10.0.40219.1
Project("{FAE04EC0-301F-11D3-BF4B-00C04F79EFBC}") = "UI", "UI\UI.csproj", "{2074BC87-E093-41E4-833E-D46B508A3264}"
EndProject
Project("{FAE04EC0-301F-11D3-BF4B-00C04F79EFBC}") = "BLL", "BLL\BLL.csproj", "{BD30761E-B0A8-43F1-A7DC-4AB06A2086AD}"
EndProject
Global
	GlobalSection(SolutionConfigurationPlatforms) = preSolution
		Debug|Any CPU = Debug|Any CPU
		Release|Any CPU = Release|Any CPU
	EndGlobalSection
	GlobalSection(ProjectConfigurationPlatforms) = postSolution
		{2074BC87-E093-41E4-833E-D46B508A3264}.Debug|Any CPU.ActiveCfg = Debug|Any CPU
		{2074BC87-E093-41E4-833E-D46B508A3264}.Debug|Any CPU.Build.0 = Debug|Any CPU
		{2074BC87-E093-41E4-833E-D46B508A3264}.Release|Any CPU.ActiveCfg = Release|Any CPU
		{2074BC87-E093-41E4-833E-D46B508A3264}.Release|Any CPU.Build.0 = Release|Any CPU
		{BD30761E-B0A8-43F1-A7DC-4AB06A2086AD}.Debug|Any CPU.ActiveCfg = Debug|Any CPU
		{BD30761E-B0A8-43F1-A7DC-4AB06A2086AD}.Debug|Any CPU.Build.0 = Debug|Any CPU
		{BD30761E-B0A8-43F1-A7DC-4AB06A2086AD}.Release|Any CPU.ActiveCfg = Release|Any CPU
		{BD30761E-B0A8-43F1-A7DC-4AB06A2086AD}.Release|Any CPU.Build.0 = Release|Any CPU
	EndGlobalSection
	GlobalSection(SolutionProperties) = preSolution
		HideSolutionNode = FALSE
	EndGlobalSection
	GlobalSection(ExtensibilityGlobals) = postSolution
		SolutionGuid = {F514B620-B910-442E-A3E5-B313756F718C}
	EndGlobalSection
EndGlobal
